
Microsoft Visual Studio Solution File, Format Version 12.00
# Visual Studio Version 17
VisualStudioVersion = 17.9.34518.117
MinimumVisualStudioVersion = 10.0.40219.1
Project("{FAE04EC0-301F-11D3-BF4B-00C04F79EFBC}") = "LiarBar", "LiarBar\LiarBar.csproj", "{51ABF367-8079-4688-8AB8-F48D42CC721D}"
EndProject
Global
	GlobalSection(SolutionConfigurationPlatforms) = preSolution
		Debug|Any CPU = Debug|Any CPU
		Release|Any CPU = Release|Any CPU
	EndGlobalSection
	GlobalSection(ProjectConfigurationPlatforms) = postSolution
		{51ABF367-8079-4688-8AB8-F48D42CC721D}.Debug|Any CPU.ActiveCfg = Debug|Any CPU
		{51ABF367-8079-4688-8AB8-F48D42CC721D}.Debug|Any CPU.Build.0 = Debug|Any CPU
		{51ABF367-8079-4688-8AB8-F48D42CC721D}.Release|Any CPU.ActiveCfg = Release|Any CPU
		{51ABF367-8079-4688-8AB8-F48D42CC721D}.Release|Any CPU.Build.0 = Release|Any CPU
	EndGlobalSection
	GlobalSection(SolutionProperties) = preSolution
		HideSolutionNode = FALSE
	EndGlobalSection
	GlobalSection(ExtensibilityGlobals) = postSolution
		SolutionGuid = {BCF7E22A-8A13-41C6-A9AB-96939D70ABA5}
	EndGlobalSection
EndGlobal
